// !$*UTF8*$!
{
	archiveVersion = 1;
	classes = {
	};
	objectVersion = 77;
	objects = {

/* Begin PBXContainerItemProxy section */
		F3047AB52D8D2E940088392B /* PBXContainerItemProxy */ = {
			isa = PBXContainerItemProxy;
			containerPortal = F3047A9C2D8D2E920088392B /* Project object */;
			proxyType = 1;
			remoteGlobalIDString = F3047AA32D8D2E920088392B;
			remoteInfo = FlagGuessingGame;
		};
		F3047ABF2D8D2E940088392B /* PBXContainerItemProxy */ = {
			isa = PBXContainerItemProxy;
			containerPortal = F3047A9C2D8D2E920088392B /* Project object */;
			proxyType = 1;
			remoteGlobalIDString = F3047AA32D8D2E920088392B;
			remoteInfo = FlagGuessingGame;
		};
/* End PBXContainerItemProxy section */

/* Begin PBXFileReference section */
		F3047AA42D8D2E920088392B /* FlagGuessingGame.app */ = {isa = PBXFileReference; explicitFileType = wrapper.application; includeInIndex = 0; path = FlagGuessingGame.app; sourceTree = BUILT_PRODUCTS_DIR; };
		F3047AB42D8D2E940088392B /* FlagGuessingGameTests.xctest */ = {isa = PBXFileReference; explicitFileType = wrapper.cfbundle; includeInIndex = 0; path = FlagGuessingGameTests.xctest; sourceTree = BUILT_PRODUCTS_DIR; };
		F3047ABE2D8D2E940088392B /* FlagGuessingGameUITests.xctest */ = {isa = PBXFileReference; explicitFileType = wrapper.cfbundle; includeInIndex = 0; path = FlagGuessingGameUITests.xctest; sourceTree = BUILT_PRODUCTS_DIR; };
/* End PBXFileReference section */

/* Begin PBXFileSystemSynchronizedRootGroup section */
		F3047AA62D8D2E920088392B /* FlagGuessingGame */ = {
			isa = PBXFileSystemSynchronizedRootGroup;
			path = FlagGuessingGame;
			sourceTree = "<group>";
		};
		F3047AB72D8D2E940088392B /* FlagGuessingGameTests */ = {
			isa = PBXFileSystemSynchronizedRootGroup;
			path = FlagGuessingGameTests;
			sourceTree = "<group>";
		};
		F3047AC12D8D2E940088392B /* FlagGuessingGameUITests */ = {
			isa = PBXFileSystemSynchronizedRootGroup;
			path = FlagGuessingGameUITests;
			sourceTree = "<group>";
		};
/* End PBXFileSystemSynchronizedRootGroup section */

/* Begin PBXFrameworksBuildPhase section */
		F3047AA12D8D2E920088392B /* Frameworks */ = {
			isa = PBXFrameworksBuildPhase;
			buildActionMask = 2147483647;
			files = (
			);
			runOnlyForDeploymentPostprocessing = 0;
		};
		F3047AB12D8D2E940088392B /* Frameworks */ = {
			isa = PBXFrameworksBuildPhase;
			buildActionMask = 2147483647;
			files = (
			);
			runOnlyForDeploymentPostprocessing = 0;
		};
		F3047ABB2D8D2E940088392B /* Frameworks */ = {
			isa = PBXFrameworksBuildPhase;
			buildActionMask = 2147483647;
			files = (
			);
			runOnlyForDeploymentPostprocessing = 0;
		};
/* End PBXFrameworksBuildPhase section */

/* Begin PBXGroup section */
		F3047A9B2D8D2E920088392B = {
			isa = PBXGroup;
			children = (
				F3047AA62D8D2E920088392B /* FlagGuessingGame */,
				F3047AB72D8D2E940088392B /* FlagGuessingGameTests */,
				F3047AC12D8D2E940088392B /* FlagGuessingGameUITests */,
				F3047AA52D8D2E920088392B /* Products */,
			);
			sourceTree = "<group>";
		};
		F3047AA52D8D2E920088392B /* Products */ = {
			isa = PBXGroup;
			children = (
				F3047AA42D8D2E920088392B /* FlagGuessingGame.app */,
				F3047AB42D8D2E940088392B /* FlagGuessingGameTests.xctest */,
				F3047ABE2D8D2E940088392B /* FlagGuessingGameUITests.xctest */,
			);
			name = Products;
			sourceTree = "<group>";
		};
/* End PBXGroup section */

/* Begin PBXNativeTarget section */
		F3047AA32D8D2E920088392B /* FlagGuessingGame */ = {
			isa = PBXNativeTarget;
			buildConfigurationList = F3047AC82D8D2E940088392B /* Build configuration list for PBXNativeTarget "FlagGuessingGame" */;
			buildPhases = (
				F3047AA02D8D2E920088392B /* Sources */,
				F3047AA12D8D2E920088392B /* Frameworks */,
				F3047AA22D8D2E920088392B /* Resources */,
			);
			buildRules = (
			);
			dependencies = (
			);
			fileSystemSynchronizedGroups = (
				F3047AA62D8D2E920088392B /* FlagGuessingGame */,
			);
			name = FlagGuessingGame;
			packageProductDependencies = (
			);
			productName = FlagGuessingGame;
			productReference = F3047AA42D8D2E920088392B /* FlagGuessingGame.app */;
			productType = "com.apple.product-type.application";
		};
		F3047AB32D8D2E940088392B /* FlagGuessingGameTests */ = {
			isa = PBXNativeTarget;
			buildConfigurationList = F3047ACB2D8D2E940088392B /* Build configuration list for PBXNativeTarget "FlagGuessingGameTests" */;
			buildPhases = (
				F3047AB02D8D2E940088392B /* Sources */,
				F3047AB12D8D2E940088392B /* Frameworks */,
				F3047AB22D8D2E940088392B /* Resources */,
			);
			buildRules = (
			);
			dependencies = (
				F3047AB62D8D2E940088392B /* PBXTargetDependency */,
			);
			fileSystemSynchronizedGroups = (
				F3047AB72D8D2E940088392B /* FlagGuessingGameTests */,
			);
			name = FlagGuessingGameTests;
			packageProductDependencies = (
			);
			productName = FlagGuessingGameTests;
			productReference = F3047AB42D8D2E940088392B /* FlagGuessingGameTests.xctest */;
			productType = "com.apple.product-type.bundle.unit-test";
		};
		F3047ABD2D8D2E940088392B /* FlagGuessingGameUITests */ = {
			isa = PBXNativeTarget;
			buildConfigurationList = F3047ACE2D8D2E940088392B /* Build configuration list for PBXNativeTarget "FlagGuessingGameUITests" */;
			buildPhases = (
				F3047ABA2D8D2E940088392B /* Sources */,
				F3047ABB2D8D2E940088392B /* Frameworks */,
				F3047ABC2D8D2E940088392B /* Resources */,
			);
			buildRules = (
			);
			dependencies = (
				F3047AC02D8D2E940088392B /* PBXTargetDependency */,
			);
			fileSystemSynchronizedGroups = (
				F3047AC12D8D2E940088392B /* FlagGuessingGameUITests */,
			);
			name = FlagGuessingGameUITests;
			packageProductDependencies = (
			);
			productName = FlagGuessingGameUITests;
			productReference = F3047ABE2D8D2E940088392B /* FlagGuessingGameUITests.xctest */;
			productType = "com.apple.product-type.bundle.ui-testing";
		};
/* End PBXNativeTarget section */

/* Begin PBXProject section */
		F3047A9C2D8D2E920088392B /* Project object */ = {
			isa = PBXProject;
			attributes = {
				BuildIndependentTargetsInParallel = 1;
				LastSwiftUpdateCheck = 1620;
				LastUpgradeCheck = 1620;
				TargetAttributes = {
					F3047AA32D8D2E920088392B = {
						CreatedOnToolsVersion = 16.2;
					};
					F3047AB32D8D2E940088392B = {
						CreatedOnToolsVersion = 16.2;
						TestTargetID = F3047AA32D8D2E920088392B;
					};
					F3047ABD2D8D2E940088392B = {
						CreatedOnToolsVersion = 16.2;
						TestTargetID = F3047AA32D8D2E920088392B;
					};
				};
			};
			buildConfigurationList = F3047A9F2D8D2E920088392B /* Build configuration list for PBXProject "FlagGuessingGame" */;
			developmentRegion = en;
			hasScannedForEncodings = 0;
			knownRegions = (
				en,
				Base,
			);
			mainGroup = F3047A9B2D8D2E920088392B;
			minimizedProjectReferenceProxies = 1;
			preferredProjectObjectVersion = 77;
			productRefGroup = F3047AA52D8D2E920088392B /* Products */;
			projectDirPath = "";
			projectRoot = "";
			targets = (
				F3047AA32D8D2E920088392B /* FlagGuessingGame */,
				F3047AB32D8D2E940088392B /* FlagGuessingGameTests */,
				F3047ABD2D8D2E940088392B /* FlagGuessingGameUITests */,
			);
		};
/* End PBXProject section */

/* Begin PBXResourcesBuildPhase section */
		F3047AA22D8D2E920088392B /* Resources */ = {
			isa = PBXResourcesBuildPhase;
			buildActionMask = 2147483647;
			files = (
			);
			runOnlyForDeploymentPostprocessing = 0;
		};
		F3047AB22D8D2E940088392B /* Resources */ = {
			isa = PBXResourcesBuildPhase;
			buildActionMask = 2147483647;
			files = (
			);
			runOnlyForDeploymentPostprocessing = 0;
		};
		F3047ABC2D8D2E940088392B /* Resources */ = {
			isa = PBXResourcesBuildPhase;
			buildActionMask = 2147483647;
			files = (
			);
			runOnlyForDeploymentPostprocessing = 0;
		};
/* End PBXResourcesBuildPhase section */

/* Begin PBXSourcesBuildPhase section */
		F3047AA02D8D2E920088392B /* Sources */ = {
			isa = PBXSourcesBuildPhase;
			buildActionMask = 2147483647;
			files = (
			);
			runOnlyForDeploymentPostprocessing = 0;
		};
		F3047AB02D8D2E940088392B /* Sources */ = {
			isa = PBXSourcesBuildPhase;
			buildActionMask = 2147483647;
			files = (
			);
			runOnlyForDeploymentPostprocessing = 0;
		};
		F3047ABA2D8D2E940088392B /* Sources */ = {
			isa = PBXSourcesBuildPhase;
			buildActionMask = 2147483647;
			files = (
			);
			runOnlyForDeploymentPostprocessing = 0;
		};
/* End PBXSourcesBuildPhase section */

/* Begin PBXTargetDependency section */
		F3047AB62D8D2E940088392B /* PBXTargetDependency */ = {
			isa = PBXTargetDependency;
			target = F3047AA32D8D2E920088392B /* FlagGuessingGame */;
			targetProxy = F3047AB52D8D2E940088392B /* PBXContainerItemProxy */;
		};
		F3047AC02D8D2E940088392B /* PBXTargetDependency */ = {
			isa = PBXTargetDependency;
			target = F3047AA32D8D2E920088392B /* FlagGuessingGame */;
			targetProxy = F3047ABF2D8D2E940088392B /* PBXContainerItemProxy */;
		};
/* End PBXTargetDependency section */

/* Begin XCBuildConfiguration section */
		F3047AC62D8D2E940088392B /* Debug */ = {
			isa = XCBuildConfiguration;
			buildSettings = {
				ALWAYS_SEARCH_USER_PATHS = NO;
				ASSETCATALOG_COMPILER_GENERATE_SWIFT_ASSET_SYMBOL_EXTENSIONS = YES;
				CLANG_ANALYZER_NONNULL = YES;
				CLANG_ANALYZER_NUMBER_OBJECT_CONVERSION = YES_AGGRESSIVE;
				CLANG_CXX_LANGUAGE_STANDARD = "gnu++20";
				CLANG_ENABLE_MODULES = YES;
				CLANG_ENABLE_OBJC_ARC = YES;
				CLANG_ENABLE_OBJC_WEAK = YES;
				CLANG_WARN_BLOCK_CAPTURE_AUTORELEASING = YES;
				CLANG_WARN_BOOL_CONVERSION = YES;
				CLANG_WARN_COMMA = YES;
				CLANG_WARN_CONSTANT_CONVERSION = YES;
				CLANG_WARN_DEPRECATED_OBJC_IMPLEMENTATIONS = YES;
				CLANG_WARN_DIRECT_OBJC_ISA_USAGE = YES_ERROR;
				CLANG_WARN_DOCUMENTATION_COMMENTS = YES;
				CLANG_WARN_EMPTY_BODY = YES;
				CLANG_WARN_ENUM_CONVERSION = YES;
				CLANG_WARN_INFINITE_RECURSION = YES;
				CLANG_WARN_INT_CONVERSION = YES;
				CLANG_WARN_NON_LITERAL_NULL_CONVERSION = YES;
				CLANG_WARN_OBJC_IMPLICIT_RETAIN_SELF = YES;
				CLANG_WARN_OBJC_LITERAL_CONVERSION = YES;
				CLANG_WARN_OBJC_ROOT_CLASS = YES_ERROR;
				CLANG_WARN_QUOTED_INCLUDE_IN_FRAMEWORK_HEADER = YES;
				CLANG_WARN_RANGE_LOOP_ANALYSIS = YES;
				CLANG_WARN_STRICT_PROTOTYPES = YES;
				CLANG_WARN_SUSPICIOUS_MOVE = YES;
				CLANG_WARN_UNGUARDED_AVAILABILITY = YES_AGGRESSIVE;
				CLANG_WARN_UNREACHABLE_CODE = YES;
				CLANG_WARN__DUPLICATE_METHOD_MATCH = YES;
				COPY_PHASE_STRIP = NO;
				DEBUG_INFORMATION_FORMAT = dwarf;
				ENABLE_STRICT_OBJC_MSGSEND = YES;
				ENABLE_TESTABILITY = YES;
				ENABLE_USER_SCRIPT_SANDBOXING = YES;
				GCC_C_LANGUAGE_STANDARD = gnu17;
				GCC_DYNAMIC_NO_PIC = NO;
				GCC_NO_COMMON_BLOCKS = YES;
				GCC_OPTIMIZATION_LEVEL = 0;
				GCC_PREPROCESSOR_DEFINITIONS = (
					"DEBUG=1",
					"$(inherited)",
				);
				GCC_WARN_64_TO_32_BIT_CONVERSION = YES;
				GCC_WARN_ABOUT_RETURN_TYPE = YES_ERROR;
				GCC_WARN_UNDECLARED_SELECTOR = YES;
				GCC_WARN_UNINITIALIZED_AUTOS = YES_AGGRESSIVE;
				GCC_WARN_UNUSED_FUNCTION = YES;
				GCC_WARN_UNUSED_VARIABLE = YES;
				IPHONEOS_DEPLOYMENT_TARGET = 18.2;
				LOCALIZATION_PREFERS_STRING_CATALOGS = YES;
				MTL_ENABLE_DEBUG_INFO = INCLUDE_SOURCE;
				MTL_FAST_MATH = YES;
				ONLY_ACTIVE_ARCH = YES;
				SDKROOT = iphoneos;
				SWIFT_ACTIVE_COMPILATION_CONDITIONS = "DEBUG $(inherited)";
				SWIFT_OPTIMIZATION_LEVEL = "-Onone";
			};
			name = Debug;
		};
		F3047AC72D8D2E940088392B /* Release */ = {
			isa = XCBuildConfiguration;
			buildSettings = {
				ALWAYS_SEARCH_USER_PATHS = NO;
				ASSETCATALOG_COMPILER_GENERATE_SWIFT_ASSET_SYMBOL_EXTENSIONS = YES;
				CLANG_ANALYZER_NONNULL = YES;
				CLANG_ANALYZER_NUMBER_OBJECT_CONVERSION = YES_AGGRESSIVE;
				CLANG_CXX_LANGUAGE_STANDARD = "gnu++20";
				CLANG_ENABLE_MODULES = YES;
				CLANG_ENABLE_OBJC_ARC = YES;
				CLANG_ENABLE_OBJC_WEAK = YES;
				CLANG_WARN_BLOCK_CAPTURE_AUTORELEASING = YES;
				CLANG_WARN_BOOL_CONVERSION = YES;
				CLANG_WARN_COMMA = YES;
				CLANG_WARN_CONSTANT_CONVERSION = YES;
				CLANG_WARN_DEPRECATED_OBJC_IMPLEMENTATIONS = YES;
				CLANG_WARN_DIRECT_OBJC_ISA_USAGE = YES_ERROR;
				CLANG_WARN_DOCUMENTATION_COMMENTS = YES;
				CLANG_WARN_EMPTY_BODY = YES;
				CLANG_WARN_ENUM_CONVERSION = YES;
				CLANG_WARN_INFINITE_RECURSION = YES;
				CLANG_WARN_INT_CONVERSION = YES;
				CLANG_WARN_NON_LITERAL_NULL_CONVERSION = YES;
				CLANG_WARN_OBJC_IMPLICIT_RETAIN_SELF = YES;
				CLANG_WARN_OBJC_LITERAL_CONVERSION = YES;
				CLANG_WARN_OBJC_ROOT_CLASS = YES_ERROR;
				CLANG_WARN_QUOTED_INCLUDE_IN_FRAMEWORK_HEADER = YES;
				CLANG_WARN_RANGE_LOOP_ANALYSIS = YES;
				CLANG_WARN_STRICT_PROTOTYPES = YES;
				CLANG_WARN_SUSPICIOUS_MOVE = YES;
				CLANG_WARN_UNGUARDED_AVAILABILITY = YES_AGGRESSIVE;
				CLANG_WARN_UNREACHABLE_CODE = YES;
				CLANG_WARN__DUPLICATE_METHOD_MATCH = YES;
				COPY_PHASE_STRIP = NO;
				DEBUG_INFORMATION_FORMAT = "dwarf-with-dsym";
				ENABLE_NS_ASSERTIONS = NO;
				ENABLE_STRICT_OBJC_MSGSEND = YES;
				ENABLE_USER_SCRIPT_SANDBOXING = YES;
				GCC_C_LANGUAGE_STANDARD = gnu17;
				GCC_NO_COMMON_BLOCKS = YES;
				GCC_WARN_64_TO_32_BIT_CONVERSION = YES;
				GCC_WARN_ABOUT_RETURN_TYPE = YES_ERROR;
				GCC_WARN_UNDECLARED_SELECTOR = YES;
				GCC_WARN_UNINITIALIZED_AUTOS = YES_AGGRESSIVE;
				GCC_WARN_UNUSED_FUNCTION = YES;
				GCC_WARN_UNUSED_VARIABLE = YES;
				IPHONEOS_DEPLOYMENT_TARGET = 18.2;
				LOCALIZATION_PREFERS_STRING_CATALOGS = YES;
				MTL_ENABLE_DEBUG_INFO = NO;
				MTL_FAST_MATH = YES;
				SDKROOT = iphoneos;
				SWIFT_COMPILATION_MODE = wholemodule;
				VALIDATE_PRODUCT = YES;
			};
			name = Release;
		};
		F3047AC92D8D2E940088392B /* Debug */ = {
			isa = XCBuildConfiguration;
			buildSettings = {
				ASSETCATALOG_COMPILER_APPICON_NAME = AppIcon;
				ASSETCATALOG_COMPILER_GLOBAL_ACCENT_COLOR_NAME = AccentColor;
				CODE_SIGN_STYLE = Automatic;
				CURRENT_PROJECT_VERSION = 1;
				DEVELOPMENT_ASSET_PATHS = "\"FlagGuessingGame/Preview Content\"";
				DEVELOPMENT_TEAM = VS4NXH4PS9;
				ENABLE_PREVIEWS = YES;
				GENERATE_INFOPLIST_FILE = YES;
				INFOPLIST_KEY_UIApplicationSceneManifest_Generation = YES;
				INFOPLIST_KEY_UIApplicationSupportsIndirectInputEvents = YES;
				INFOPLIST_KEY_UILaunchScreen_Generation = YES;
				INFOPLIST_KEY_UISupportedInterfaceOrientations_iPad = "UIInterfaceOrientationPortrait UIInterfaceOrientationPortraitUpsideDown UIInterfaceOrientationLandscapeLeft UIInterfaceOrientationLandscapeRight";
				INFOPLIST_KEY_UISupportedInterfaceOrientations_iPhone = "UIInterfaceOrientationPortrait UIInterfaceOrientationLandscapeLeft UIInterfaceOrientationLandscapeRight";
				LD_RUNPATH_SEARCH_PATHS = (
					"$(inherited)",
					"@executable_path/Frameworks",
				);
				MARKETING_VERSION = 1.0;
				PRODUCT_BUNDLE_IDENTIFIER = "come.kate-code.FlagGuessingGame";
				PRODUCT_NAME = "$(TARGET_NAME)";
				SWIFT_EMIT_LOC_STRINGS = YES;
				SWIFT_VERSION = 5.0;
				TARGETED_DEVICE_FAMILY = "1,2";
			};
			name = Debug;
		};
		F3047ACA2D8D2E940088392B /* Release */ = {
			isa = XCBuildConfiguration;
			buildSettings = {
				ASSETCATALOG_COMPILER_APPICON_NAME = AppIcon;
				ASSETCATALOG_COMPILER_GLOBAL_ACCENT_COLOR_NAME = AccentColor;
				CODE_SIGN_STYLE = Automatic;
				CURRENT_PROJECT_VERSION = 1;
				DEVELOPMENT_ASSET_PATHS = "\"FlagGuessingGame/Preview Content\"";
				DEVELOPMENT_TEAM = VS4NXH4PS9;
				ENABLE_PREVIEWS = YES;
				GENERATE_INFOPLIST_FILE = YES;
				INFOPLIST_KEY_UIApplicationSceneManifest_Generation = YES;
				INFOPLIST_KEY_UIApplicationSupportsIndirectInputEvents = YES;
				INFOPLIST_KEY_UILaunchScreen_Generation = YES;
				INFOPLIST_KEY_UISupportedInterfaceOrientations_iPad = "UIInterfaceOrientationPortrait UIInterfaceOrientationPortraitUpsideDown UIInterfaceOrientationLandscapeLeft UIInterfaceOrientationLandscapeRight";
				INFOPLIST_KEY_UISupportedInterfaceOrientations_iPhone = "UIInterfaceOrientationPortrait UIInterfaceOrientationLandscapeLeft UIInterfaceOrientationLandscapeRight";
				LD_RUNPATH_SEARCH_PATHS = (
					"$(inherited)",
					"@executable_path/Frameworks",
				);
				MARKETING_VERSION = 1.0;
				PRODUCT_BUNDLE_IDENTIFIER = "come.kate-code.FlagGuessingGame";
				PRODUCT_NAME = "$(TARGET_NAME)";
				SWIFT_EMIT_LOC_STRINGS = YES;
				SWIFT_VERSION = 5.0;
				TARGETED_DEVICE_FAMILY = "1,2";
			};
			name = Release;
		};
		F3047ACC2D8D2E940088392B /* Debug */ = {
			isa = XCBuildConfiguration;
			buildSettings = {
				BUNDLE_LOADER = "$(TEST_HOST)";
				CODE_SIGN_STYLE = Automatic;
				CURRENT_PROJECT_VERSION = 1;
				DEVELOPMENT_TEAM = VS4NXH4PS9;
				GENERATE_INFOPLIST_FILE = YES;
				IPHONEOS_DEPLOYMENT_TARGET = 18.2;
				MARKETING_VERSION = 1.0;
				PRODUCT_BUNDLE_IDENTIFIER = "come.kate-code.FlagGuessingGameTests";
				PRODUCT_NAME = "$(TARGET_NAME)";
				SWIFT_EMIT_LOC_STRINGS = NO;
				SWIFT_VERSION = 5.0;
				TARGETED_DEVICE_FAMILY = "1,2";
				TEST_HOST = "$(BUILT_PRODUCTS_DIR)/FlagGuessingGame.app/$(BUNDLE_EXECUTABLE_FOLDER_PATH)/FlagGuessingGame";
			};
			name = Debug;
		};
		F3047ACD2D8D2E940088392B /* Release */ = {
			isa = XCBuildConfiguration;
			buildSettings = {
				BUNDLE_LOADER = "$(TEST_HOST)";
				CODE_SIGN_STYLE = Automatic;
				CURRENT_PROJECT_VERSION = 1;
				DEVELOPMENT_TEAM = VS4NXH4PS9;
				GENERATE_INFOPLIST_FILE = YES;
				IPHONEOS_DEPLOYMENT_TARGET = 18.2;
				MARKETING_VERSION = 1.0;
				PRODUCT_BUNDLE_IDENTIFIER = "come.kate-code.FlagGuessingGameTests";
				PRODUCT_NAME = "$(TARGET_NAME)";
				SWIFT_EMIT_LOC_STRINGS = NO;
				SWIFT_VERSION = 5.0;
				TARGETED_DEVICE_FAMILY = "1,2";
				TEST_HOST = "$(BUILT_PRODUCTS_DIR)/FlagGuessingGame.app/$(BUNDLE_EXECUTABLE_FOLDER_PATH)/FlagGuessingGame";
			};
			name = Release;
		};
		F3047ACF2D8D2E940088392B /* Debug */ = {
			isa = XCBuildConfiguration;
			buildSettings = {
				CODE_SIGN_STYLE = Automatic;
				CURRENT_PROJECT_VERSION = 1;
				DEVELOPMENT_TEAM = VS4NXH4PS9;
				GENERATE_INFOPLIST_FILE = YES;
				MARKETING_VERSION = 1.0;
				PRODUCT_BUNDLE_IDENTIFIER = "come.kate-code.FlagGuessingGameUITests";
				PRODUCT_NAME = "$(TARGET_NAME)";
				SWIFT_EMIT_LOC_STRINGS = NO;
				SWIFT_VERSION = 5.0;
				TARGETED_DEVICE_FAMILY = "1,2";
				TEST_TARGET_NAME = FlagGuessingGame;
			};
			name = Debug;
		};
		F3047AD02D8D2E940088392B /* Release */ = {
			isa = XCBuildConfiguration;
			buildSettings = {
				CODE_SIGN_STYLE = Automatic;
				CURRENT_PROJECT_VERSION = 1;
				DEVELOPMENT_TEAM = VS4NXH4PS9;
				GENERATE_INFOPLIST_FILE = YES;
				MARKETING_VERSION = 1.0;
				PRODUCT_BUNDLE_IDENTIFIER = "come.kate-code.FlagGuessingGameUITests";
				PRODUCT_NAME = "$(TARGET_NAME)";
				SWIFT_EMIT_LOC_STRINGS = NO;
				SWIFT_VERSION = 5.0;
				TARGETED_DEVICE_FAMILY = "1,2";
				TEST_TARGET_NAME = FlagGuessingGame;
			};
			name = Release;
		};
/* End XCBuildConfiguration section */

/* Begin XCConfigurationList section */
		F3047A9F2D8D2E920088392B /* Build configuration list for PBXProject "FlagGuessingGame" */ = {
			isa = XCConfigurationList;
			buildConfigurations = (
				F3047AC62D8D2E940088392B /* Debug */,
				F3047AC72D8D2E940088392B /* Release */,
			);
			defaultConfigurationIsVisible = 0;
			defaultConfigurationName = Release;
		};
		F3047AC82D8D2E940088392B /* Build configuration list for PBXNativeTarget "FlagGuessingGame" */ = {
			isa = XCConfigurationList;
			buildConfigurations = (
				F3047AC92D8D2E940088392B /* Debug */,
				F3047ACA2D8D2E940088392B /* Release */,
			);
			defaultConfigurationIsVisible = 0;
			defaultConfigurationName = Release;
		};
		F3047ACB2D8D2E940088392B /* Build configuration list for PBXNativeTarget "FlagGuessingGameTests" */ = {
			isa = XCConfigurationList;
			buildConfigurations = (
				F3047ACC2D8D2E940088392B /* Debug */,
				F3047ACD2D8D2E940088392B /* Release */,
			);
			defaultConfigurationIsVisible = 0;
			defaultConfigurationName = Release;
		};
		F3047ACE2D8D2E940088392B /* Build configuration list for PBXNativeTarget "FlagGuessingGameUITests" */ = {
			isa = XCConfigurationList;
			buildConfigurations = (
				F3047ACF2D8D2E940088392B /* Debug */,
				F3047AD02D8D2E940088392B /* Release */,
			);
			defaultConfigurationIsVisible = 0;
			defaultConfigurationName = Release;
		};
/* End XCConfigurationList section */
	};
	rootObject = F3047A9C2D8D2E920088392B /* Project object */;
}
